
Microsoft Visual Studio Solution File, Format Version 12.00
# Visual Studio Version 16
VisualStudioVersion = 16.0.31702.278
MinimumVisualStudioVersion = 10.0.40219.1
Project("{FAE04EC0-301F-11D3-BF4B-00C04F79EFBC}") = "PulpoChecker", "PulpoChecker.csproj", "{47DF677F-4A25-42A4-842F-EEC5DA42193F}"
EndProject
Global
	GlobalSection(SolutionConfigurationPlatforms) = preSolution
		Debug|Any CPU = Debug|Any CPU
		Release|Any CPU = Release|Any CPU
	EndGlobalSection
	GlobalSection(ProjectConfigurationPlatforms) = postSolution
		{47DF677F-4A25-42A4-842F-EEC5DA42193F}.Debug|Any CPU.ActiveCfg = Debug|Any CPU
		{47DF677F-4A25-42A4-842F-EEC5DA42193F}.Debug|Any CPU.Build.0 = Debug|Any CPU
		{47DF677F-4A25-42A4-842F-EEC5DA42193F}.Release|Any CPU.ActiveCfg = Release|Any CPU
		{47DF677F-4A25-42A4-842F-EEC5DA42193F}.Release|Any CPU.Build.0 = Release|Any CPU
	EndGlobalSection
	GlobalSection(SolutionProperties) = preSolution
		HideSolutionNode = FALSE
	EndGlobalSection
	GlobalSection(ExtensibilityGlobals) = postSolution
		SolutionGuid = {F34C5BD3-00BD-4664-87E9-51430A4E4EB2}
	EndGlobalSection
EndGlobal
